{
  "object": {
    "pins": [
      {
        "package": "AlertToast",
        "repositoryURL": "https://github.com/elai950/AlertToast",
        "state": {
          "branch": "master",
          "revision": "551a7590ca9976c079123c330b7332cbfbfce47b",
          "version": null
        }
      },
      {
        "package": "SwiftUIDatePickerDialog",
        "repositoryURL": "https://github.com/globulus/swiftui-date-picker-dialog",
        "state": {
          "branch": null,
          "revision": "71fd42d30b6659dc66574db068ade4fefd4ced4e",
          "version": "1.0.0"
        }
      },
      {
        "package": "SwiftUIGenericDialog",
        "repositoryURL": "https://github.com/globulus/swiftui-generic-dialog",
        "state": {
          "branch": null,
          "revision": "e7f1a107014c3767c4220f9cae1e57d5c9f8fa8b",
          "version": "1.0.1"
        }
      },
      {
        "package": "SwiftUITooltip",
        "repositoryURL": "https://github.com/quassummanus/SwiftUI-Tooltip.git",
        "state": {
          "branch": null,
          "revision": "01dae0053a27ee26331677a12c3d7388114aafcd",
          "version": "1.1.2"
        }
      }
    ]
  },
  "version": 1
}
