{
  "object": {
    "pins": [
      {
        "package": "AlertToast",
        "repositoryURL": "https://github.com/elai950/AlertToast",
        "state": {
          "branch": "master",
          "revision": "551a7590ca9976c079123c330b7332cbfbfce47b",
          "version": null
        }
      },
      {
        "package": "SwiftUIDatePickerDialog",
        "repositoryURL": "https://github.com/globulus/swiftui-date-picker-dialog",
        "state": {
          "branch": null,
          "revision": "71fd42d30b6659dc66574db068ade4fefd4ced4e",
          "version": "1.0.0"
        }
      },
      {
        "package": "SwiftUIGenericDialog",
        "repositoryURL": "https://github.com/globulus/swiftui-generic-dialog",
        "state": {
          "branch": null,
          "revision": "e7f1a107014c3767c4220f9cae1e57d5c9f8fa8b",
          "version": "1.0.1"
        }
      },
      {
        "package": "SwiftUIInfiniteList",
        "repositoryURL": "https://github.com/globulus/swiftui-infinite-list",
        "state": {
          "branch": null,
          "revision": "367bacfcd36576e19b3737112d12feb181f46f8c",
          "version": "1.0.0"
        }
      },
      {
        "package": "SwiftUIPullToRefresh",
        "repositoryURL": "https://github.com/globulus/swiftui-pull-to-refresh",
        "state": {
          "branch": null,
          "revision": "5a1e0f8f239381df7e75a63e6d01e42633d0903f",
          "version": "1.1.5"
        }
      }
    ]
  },
  "version": 1
}
