// !$*UTF8*$!
{
	archiveVersion = 1;
	classes = {
	};
	objectVersion = 55;
	objects = {

/* Begin PBXBuildFile section */
		098C8A0F3BD2E897D40875C6 /* Covets+Schema.swift in Sources */ = {isa = PBXBuildFile; fileRef = FBD181E59E5D03CDD0C560B8 /* Covets+Schema.swift */; };
		1A5B89358E74D327D7BA1817 /* ReportCovet.swift in Sources */ = {isa = PBXBuildFile; fileRef = 9100FD68274F38C18F37221A /* ReportCovet.swift */; };
		270D5582118F94676655CBF6 /* RelationshipTier.swift in Sources */ = {isa = PBXBuildFile; fileRef = 2574AB8CC4EE6DEC4FAAA6B7 /* RelationshipTier.swift */; };
		2DE4868945659BBF49ED3F87 /* ReportUser.swift in Sources */ = {isa = PBXBuildFile; fileRef = 35CE91CE9D1117ED43761F7D /* ReportUser.swift */; };
		2F43E964B90AC3C097FEEC69 /* User.swift in Sources */ = {isa = PBXBuildFile; fileRef = B358DB06397DDB7F5CA70811 /* User.swift */; };
		3D8E87A1E6E1FD6C8855F5AD /* ReportUser+Schema.swift in Sources */ = {isa = PBXBuildFile; fileRef = C66F42F43706521A1728016C /* ReportUser+Schema.swift */; };
		4C5AAB9EB3E9107E3F95FE08 /* ReportCovet+Schema.swift in Sources */ = {isa = PBXBuildFile; fileRef = C65525AB4F134DF650659588 /* ReportCovet+Schema.swift */; };
		50D3C4035AD74166EA5C23F0 /* AmplifyModels.swift in Sources */ = {isa = PBXBuildFile; fileRef = 675B1FE40C675E286EE47712 /* AmplifyModels.swift */; };
		783299450892712743C10002 /* Product+Schema.swift in Sources */ = {isa = PBXBuildFile; fileRef = 5FF46F849DF2C4E250A99B8B /* Product+Schema.swift */; };
		78CFFE95E8D4AB5862266782 /* User+Schema.swift in Sources */ = {isa = PBXBuildFile; fileRef = 8DDCAE2890947B1A294E7A59 /* User+Schema.swift */; };
		7AA74100EAC51AFC1FFFB914 /* UserRelationship+Schema.swift in Sources */ = {isa = PBXBuildFile; fileRef = F8C5A10CF447E12A4E0CC281 /* UserRelationship+Schema.swift */; };
		9C0C0D93A87F177D43B7786F /* Covets.swift in Sources */ = {isa = PBXBuildFile; fileRef = C59806E4ADD80C2978B9B8DB /* Covets.swift */; };
		A15B49F30A990EAF886633BF /* UserRelationship.swift in Sources */ = {isa = PBXBuildFile; fileRef = E0198B73F0B35769E6531214 /* UserRelationship.swift */; };
		A8C4D64FDE8DC37084F5AB4F /* awsconfiguration.json in Resources */ = {isa = PBXBuildFile; fileRef = FD956CF52BF229099AD70AE4 /* awsconfiguration.json */; };
		ACFB4475823A7A8BE30EA672 /* ProductType.swift in Sources */ = {isa = PBXBuildFile; fileRef = A6829C311BD5B5B6E678B6F8 /* ProductType.swift */; };
		BE43ACEA07A979774D21FBC1 /* amplifyconfiguration.json in Resources */ = {isa = PBXBuildFile; fileRef = BE6F15521276903F8BB44B0F /* amplifyconfiguration.json */; };
		BFF87878144201B96CC1D46E /* Product.swift in Sources */ = {isa = PBXBuildFile; fileRef = 40E7AA3972035E42D8E142B9 /* Product.swift */; };
		D68673C79E858691E36112E4 /* RelationshipStatus.swift in Sources */ = {isa = PBXBuildFile; fileRef = E529D6BF8A9F76730EA3A24A /* RelationshipStatus.swift */; };
		EB453044274BF993004395CA /* CovetApp.swift in Sources */ = {isa = PBXBuildFile; fileRef = EB453043274BF993004395CA /* CovetApp.swift */; };
		EB453046274BF993004395CA /* ContentView.swift in Sources */ = {isa = PBXBuildFile; fileRef = EB453045274BF993004395CA /* ContentView.swift */; };
		EB453048274BF995004395CA /* Assets.xcassets in Resources */ = {isa = PBXBuildFile; fileRef = EB453047274BF995004395CA /* Assets.xcassets */; };
		EB45304B274BF995004395CA /* Preview Assets.xcassets in Resources */ = {isa = PBXBuildFile; fileRef = EB45304A274BF995004395CA /* Preview Assets.xcassets */; };
		EB453055274BF995004395CA /* CovetTests.swift in Sources */ = {isa = PBXBuildFile; fileRef = EB453054274BF995004395CA /* CovetTests.swift */; };
		EB45305F274BF995004395CA /* CovetUITests.swift in Sources */ = {isa = PBXBuildFile; fileRef = EB45305E274BF995004395CA /* CovetUITests.swift */; };
		EB453061274BF995004395CA /* CovetUITestsLaunchTests.swift in Sources */ = {isa = PBXBuildFile; fileRef = EB453060274BF995004395CA /* CovetUITestsLaunchTests.swift */; };
		EB45306E274BF9A6004395CA /* FeedView.swift in Sources */ = {isa = PBXBuildFile; fileRef = EB45306D274BF9A6004395CA /* FeedView.swift */; };
		EB453070274BF9B1004395CA /* ProfileView.swift in Sources */ = {isa = PBXBuildFile; fileRef = EB45306F274BF9B1004395CA /* ProfileView.swift */; };
		EB453074274BF9DF004395CA /* CovetC.swift in Sources */ = {isa = PBXBuildFile; fileRef = EB453073274BF9DF004395CA /* CovetC.swift */; };
		EB453076274BFEA4004395CA /* CovetItem.swift in Sources */ = {isa = PBXBuildFile; fileRef = EB453075274BFEA4004395CA /* CovetItem.swift */; };
		EB453078274C16C2004395CA /* UserPreview.swift in Sources */ = {isa = PBXBuildFile; fileRef = EB453077274C16C2004395CA /* UserPreview.swift */; };
		EB45307B274C2514004395CA /* AWSAPIPlugin in Frameworks */ = {isa = PBXBuildFile; productRef = EB45307A274C2514004395CA /* AWSAPIPlugin */; };
		EB45307D274C2514004395CA /* AWSCognitoAuthPlugin in Frameworks */ = {isa = PBXBuildFile; productRef = EB45307C274C2514004395CA /* AWSCognitoAuthPlugin */; };
		EB45307F274C2514004395CA /* AWSDataStorePlugin in Frameworks */ = {isa = PBXBuildFile; productRef = EB45307E274C2514004395CA /* AWSDataStorePlugin */; };
		EB453081274C2514004395CA /* AWSS3StoragePlugin in Frameworks */ = {isa = PBXBuildFile; productRef = EB453080274C2514004395CA /* AWSS3StoragePlugin */; };
		EB453083274C2514004395CA /* Amplify in Frameworks */ = {isa = PBXBuildFile; productRef = EB453082274C2514004395CA /* Amplify */; };
/* End PBXBuildFile section */

/* Begin PBXContainerItemProxy section */
		EB453051274BF995004395CA /* PBXContainerItemProxy */ = {
			isa = PBXContainerItemProxy;
			containerPortal = EB453038274BF993004395CA /* Project object */;
			proxyType = 1;
			remoteGlobalIDString = EB45303F274BF993004395CA;
			remoteInfo = Covet;
		};
		EB45305B274BF995004395CA /* PBXContainerItemProxy */ = {
			isa = PBXContainerItemProxy;
			containerPortal = EB453038274BF993004395CA /* Project object */;
			proxyType = 1;
			remoteGlobalIDString = EB45303F274BF993004395CA;
			remoteInfo = Covet;
		};
/* End PBXContainerItemProxy section */

/* Begin PBXFileReference section */
		2574AB8CC4EE6DEC4FAAA6B7 /* RelationshipTier.swift */ = {isa = PBXFileReference; explicitFileType = sourcecode.swift; lastKnownFileType = sourcecode.swift; name = RelationshipTier.swift; path = amplify/generated/models/RelationshipTier.swift; sourceTree = "<group>"; };
		35CE91CE9D1117ED43761F7D /* ReportUser.swift */ = {isa = PBXFileReference; explicitFileType = sourcecode.swift; lastKnownFileType = sourcecode.swift; name = ReportUser.swift; path = amplify/generated/models/ReportUser.swift; sourceTree = "<group>"; };
		40E7AA3972035E42D8E142B9 /* Product.swift */ = {isa = PBXFileReference; explicitFileType = sourcecode.swift; lastKnownFileType = sourcecode.swift; name = Product.swift; path = amplify/generated/models/Product.swift; sourceTree = "<group>"; };
		5FF46F849DF2C4E250A99B8B /* Product+Schema.swift */ = {isa = PBXFileReference; explicitFileType = sourcecode.swift; lastKnownFileType = sourcecode.swift; name = "Product+Schema.swift"; path = "amplify/generated/models/Product+Schema.swift"; sourceTree = "<group>"; };
		675B1FE40C675E286EE47712 /* AmplifyModels.swift */ = {isa = PBXFileReference; explicitFileType = sourcecode.swift; lastKnownFileType = sourcecode.swift; name = AmplifyModels.swift; path = amplify/generated/models/AmplifyModels.swift; sourceTree = "<group>"; };
		8DDCAE2890947B1A294E7A59 /* User+Schema.swift */ = {isa = PBXFileReference; explicitFileType = sourcecode.swift; lastKnownFileType = sourcecode.swift; name = "User+Schema.swift"; path = "amplify/generated/models/User+Schema.swift"; sourceTree = "<group>"; };
		9100FD68274F38C18F37221A /* ReportCovet.swift */ = {isa = PBXFileReference; explicitFileType = sourcecode.swift; lastKnownFileType = sourcecode.swift; name = ReportCovet.swift; path = amplify/generated/models/ReportCovet.swift; sourceTree = "<group>"; };
		A6829C311BD5B5B6E678B6F8 /* ProductType.swift */ = {isa = PBXFileReference; explicitFileType = sourcecode.swift; lastKnownFileType = sourcecode.swift; name = ProductType.swift; path = amplify/generated/models/ProductType.swift; sourceTree = "<group>"; };
		B358DB06397DDB7F5CA70811 /* User.swift */ = {isa = PBXFileReference; explicitFileType = sourcecode.swift; lastKnownFileType = sourcecode.swift; name = User.swift; path = amplify/generated/models/User.swift; sourceTree = "<group>"; };
		BE6F15521276903F8BB44B0F /* amplifyconfiguration.json */ = {isa = PBXFileReference; explicitFileType = text.json; lastKnownFileType = text.json; name = amplifyconfiguration.json; path = amplifyconfiguration.json; sourceTree = "<group>"; };
		C59806E4ADD80C2978B9B8DB /* Covets.swift */ = {isa = PBXFileReference; explicitFileType = sourcecode.swift; lastKnownFileType = sourcecode.swift; name = Covets.swift; path = amplify/generated/models/Covets.swift; sourceTree = "<group>"; };
		C65525AB4F134DF650659588 /* ReportCovet+Schema.swift */ = {isa = PBXFileReference; explicitFileType = sourcecode.swift; lastKnownFileType = sourcecode.swift; name = "ReportCovet+Schema.swift"; path = "amplify/generated/models/ReportCovet+Schema.swift"; sourceTree = "<group>"; };
		C66F42F43706521A1728016C /* ReportUser+Schema.swift */ = {isa = PBXFileReference; explicitFileType = sourcecode.swift; lastKnownFileType = sourcecode.swift; name = "ReportUser+Schema.swift"; path = "amplify/generated/models/ReportUser+Schema.swift"; sourceTree = "<group>"; };
		E0198B73F0B35769E6531214 /* UserRelationship.swift */ = {isa = PBXFileReference; explicitFileType = sourcecode.swift; lastKnownFileType = sourcecode.swift; name = UserRelationship.swift; path = amplify/generated/models/UserRelationship.swift; sourceTree = "<group>"; };
		E529D6BF8A9F76730EA3A24A /* RelationshipStatus.swift */ = {isa = PBXFileReference; explicitFileType = sourcecode.swift; lastKnownFileType = sourcecode.swift; name = RelationshipStatus.swift; path = amplify/generated/models/RelationshipStatus.swift; sourceTree = "<group>"; };
		EB453040274BF993004395CA /* Covet.app */ = {isa = PBXFileReference; explicitFileType = wrapper.application; includeInIndex = 0; path = Covet.app; sourceTree = BUILT_PRODUCTS_DIR; };
		EB453043274BF993004395CA /* CovetApp.swift */ = {isa = PBXFileReference; lastKnownFileType = sourcecode.swift; path = CovetApp.swift; sourceTree = "<group>"; };
		EB453045274BF993004395CA /* ContentView.swift */ = {isa = PBXFileReference; lastKnownFileType = sourcecode.swift; path = ContentView.swift; sourceTree = "<group>"; };
		EB453047274BF995004395CA /* Assets.xcassets */ = {isa = PBXFileReference; lastKnownFileType = folder.assetcatalog; path = Assets.xcassets; sourceTree = "<group>"; };
		EB45304A274BF995004395CA /* Preview Assets.xcassets */ = {isa = PBXFileReference; lastKnownFileType = folder.assetcatalog; path = "Preview Assets.xcassets"; sourceTree = "<group>"; };
		EB453050274BF995004395CA /* CovetTests.xctest */ = {isa = PBXFileReference; explicitFileType = wrapper.cfbundle; includeInIndex = 0; path = CovetTests.xctest; sourceTree = BUILT_PRODUCTS_DIR; };
		EB453054274BF995004395CA /* CovetTests.swift */ = {isa = PBXFileReference; lastKnownFileType = sourcecode.swift; path = CovetTests.swift; sourceTree = "<group>"; };
		EB45305A274BF995004395CA /* CovetUITests.xctest */ = {isa = PBXFileReference; explicitFileType = wrapper.cfbundle; includeInIndex = 0; path = CovetUITests.xctest; sourceTree = BUILT_PRODUCTS_DIR; };
		EB45305E274BF995004395CA /* CovetUITests.swift */ = {isa = PBXFileReference; lastKnownFileType = sourcecode.swift; path = CovetUITests.swift; sourceTree = "<group>"; };
		EB453060274BF995004395CA /* CovetUITestsLaunchTests.swift */ = {isa = PBXFileReference; lastKnownFileType = sourcecode.swift; path = CovetUITestsLaunchTests.swift; sourceTree = "<group>"; };
		EB45306D274BF9A6004395CA /* FeedView.swift */ = {isa = PBXFileReference; lastKnownFileType = sourcecode.swift; path = FeedView.swift; sourceTree = "<group>"; };
		EB45306F274BF9B1004395CA /* ProfileView.swift */ = {isa = PBXFileReference; lastKnownFileType = sourcecode.swift; path = ProfileView.swift; sourceTree = "<group>"; };
		EB453073274BF9DF004395CA /* CovetC.swift */ = {isa = PBXFileReference; lastKnownFileType = sourcecode.swift; path = CovetC.swift; sourceTree = "<group>"; };
		EB453075274BFEA4004395CA /* CovetItem.swift */ = {isa = PBXFileReference; lastKnownFileType = sourcecode.swift; path = CovetItem.swift; sourceTree = "<group>"; };
		EB453077274C16C2004395CA /* UserPreview.swift */ = {isa = PBXFileReference; lastKnownFileType = sourcecode.swift; path = UserPreview.swift; sourceTree = "<group>"; };
		F8C5A10CF447E12A4E0CC281 /* UserRelationship+Schema.swift */ = {isa = PBXFileReference; explicitFileType = sourcecode.swift; lastKnownFileType = sourcecode.swift; name = "UserRelationship+Schema.swift"; path = "amplify/generated/models/UserRelationship+Schema.swift"; sourceTree = "<group>"; };
		FBD181E59E5D03CDD0C560B8 /* Covets+Schema.swift */ = {isa = PBXFileReference; explicitFileType = sourcecode.swift; lastKnownFileType = sourcecode.swift; name = "Covets+Schema.swift"; path = "amplify/generated/models/Covets+Schema.swift"; sourceTree = "<group>"; };
		FD956CF52BF229099AD70AE4 /* awsconfiguration.json */ = {isa = PBXFileReference; explicitFileType = text.json; lastKnownFileType = text.json; name = awsconfiguration.json; path = awsconfiguration.json; sourceTree = "<group>"; };
/* End PBXFileReference section */

/* Begin PBXFrameworksBuildPhase section */
		EB45303D274BF993004395CA /* Frameworks */ = {
			isa = PBXFrameworksBuildPhase;
			buildActionMask = 2147483647;
			files = (
				EB45307F274C2514004395CA /* AWSDataStorePlugin in Frameworks */,
				EB453083274C2514004395CA /* Amplify in Frameworks */,
				EB45307B274C2514004395CA /* AWSAPIPlugin in Frameworks */,
				EB45307D274C2514004395CA /* AWSCognitoAuthPlugin in Frameworks */,
				EB453081274C2514004395CA /* AWSS3StoragePlugin in Frameworks */,
			);
			runOnlyForDeploymentPostprocessing = 0;
		};
		EB45304D274BF995004395CA /* Frameworks */ = {
			isa = PBXFrameworksBuildPhase;
			buildActionMask = 2147483647;
			files = (
			);
			runOnlyForDeploymentPostprocessing = 0;
		};
		EB453057274BF995004395CA /* Frameworks */ = {
			isa = PBXFrameworksBuildPhase;
			buildActionMask = 2147483647;
			files = (
			);
			runOnlyForDeploymentPostprocessing = 0;
		};
/* End PBXFrameworksBuildPhase section */

/* Begin PBXGroup section */
		AE792007C74AECCDCC0AFE02 /* AmplifyModels */ = {
			isa = PBXGroup;
			children = (
				675B1FE40C675E286EE47712 /* AmplifyModels.swift */,
				FBD181E59E5D03CDD0C560B8 /* Covets+Schema.swift */,
				C59806E4ADD80C2978B9B8DB /* Covets.swift */,
				5FF46F849DF2C4E250A99B8B /* Product+Schema.swift */,
				40E7AA3972035E42D8E142B9 /* Product.swift */,
				A6829C311BD5B5B6E678B6F8 /* ProductType.swift */,
				E529D6BF8A9F76730EA3A24A /* RelationshipStatus.swift */,
				2574AB8CC4EE6DEC4FAAA6B7 /* RelationshipTier.swift */,
				C65525AB4F134DF650659588 /* ReportCovet+Schema.swift */,
				9100FD68274F38C18F37221A /* ReportCovet.swift */,
				C66F42F43706521A1728016C /* ReportUser+Schema.swift */,
				35CE91CE9D1117ED43761F7D /* ReportUser.swift */,
				8DDCAE2890947B1A294E7A59 /* User+Schema.swift */,
				B358DB06397DDB7F5CA70811 /* User.swift */,
				F8C5A10CF447E12A4E0CC281 /* UserRelationship+Schema.swift */,
				E0198B73F0B35769E6531214 /* UserRelationship.swift */,
			);
			name = AmplifyModels;
			sourceTree = "<group>";
		};
		DCC3A9DD58DA1A43B7E0B353 /* AmplifyConfig */ = {
			isa = PBXGroup;
			children = (
				FD956CF52BF229099AD70AE4 /* awsconfiguration.json */,
				BE6F15521276903F8BB44B0F /* amplifyconfiguration.json */,
			);
			name = AmplifyConfig;
			sourceTree = "<group>";
		};
		EB453037274BF993004395CA = {
			isa = PBXGroup;
			children = (
				EB453042274BF993004395CA /* Covet */,
				EB453053274BF995004395CA /* CovetTests */,
				EB45305D274BF995004395CA /* CovetUITests */,
				EB453041274BF993004395CA /* Products */,
				DCC3A9DD58DA1A43B7E0B353 /* AmplifyConfig */,
				AE792007C74AECCDCC0AFE02 /* AmplifyModels */,
			);
			sourceTree = "<group>";
		};
		EB453041274BF993004395CA /* Products */ = {
			isa = PBXGroup;
			children = (
				EB453040274BF993004395CA /* Covet.app */,
				EB453050274BF995004395CA /* CovetTests.xctest */,
				EB45305A274BF995004395CA /* CovetUITests.xctest */,
			);
			name = Products;
			sourceTree = "<group>";
		};
		EB453042274BF993004395CA /* Covet */ = {
			isa = PBXGroup;
			children = (
				EB453072274BF9CF004395CA /* Components */,
				EB453071274BF9C3004395CA /* Views */,
				EB453043274BF993004395CA /* CovetApp.swift */,
				EB453045274BF993004395CA /* ContentView.swift */,
				EB453047274BF995004395CA /* Assets.xcassets */,
				EB453049274BF995004395CA /* Preview Content */,
			);
			path = Covet;
			sourceTree = "<group>";
		};
		EB453049274BF995004395CA /* Preview Content */ = {
			isa = PBXGroup;
			children = (
				EB45304A274BF995004395CA /* Preview Assets.xcassets */,
			);
			path = "Preview Content";
			sourceTree = "<group>";
		};
		EB453053274BF995004395CA /* CovetTests */ = {
			isa = PBXGroup;
			children = (
				EB453054274BF995004395CA /* CovetTests.swift */,
			);
			path = CovetTests;
			sourceTree = "<group>";
		};
		EB45305D274BF995004395CA /* CovetUITests */ = {
			isa = PBXGroup;
			children = (
				EB45305E274BF995004395CA /* CovetUITests.swift */,
				EB453060274BF995004395CA /* CovetUITestsLaunchTests.swift */,
			);
			path = CovetUITests;
			sourceTree = "<group>";
		};
		EB453071274BF9C3004395CA /* Views */ = {
			isa = PBXGroup;
			children = (
				EB45306D274BF9A6004395CA /* FeedView.swift */,
				EB45306F274BF9B1004395CA /* ProfileView.swift */,
			);
			path = Views;
			sourceTree = "<group>";
		};
		EB453072274BF9CF004395CA /* Components */ = {
			isa = PBXGroup;
			children = (
				EB453073274BF9DF004395CA /* CovetC.swift */,
				EB453075274BFEA4004395CA /* CovetItem.swift */,
				EB453077274C16C2004395CA /* UserPreview.swift */,
			);
			path = Components;
			sourceTree = "<group>";
		};
/* End PBXGroup section */

/* Begin PBXNativeTarget section */
		EB45303F274BF993004395CA /* Covet */ = {
			isa = PBXNativeTarget;
			buildConfigurationList = EB453064274BF995004395CA /* Build configuration list for PBXNativeTarget "Covet" */;
			buildPhases = (
				EB45303C274BF993004395CA /* Sources */,
				EB45303D274BF993004395CA /* Frameworks */,
				EB45303E274BF993004395CA /* Resources */,
			);
			buildRules = (
			);
			dependencies = (
			);
			name = Covet;
			packageProductDependencies = (
				EB45307A274C2514004395CA /* AWSAPIPlugin */,
				EB45307C274C2514004395CA /* AWSCognitoAuthPlugin */,
				EB45307E274C2514004395CA /* AWSDataStorePlugin */,
				EB453080274C2514004395CA /* AWSS3StoragePlugin */,
				EB453082274C2514004395CA /* Amplify */,
			);
			productName = Covet;
			productReference = EB453040274BF993004395CA /* Covet.app */;
			productType = "com.apple.product-type.application";
		};
		EB45304F274BF995004395CA /* CovetTests */ = {
			isa = PBXNativeTarget;
			buildConfigurationList = EB453067274BF995004395CA /* Build configuration list for PBXNativeTarget "CovetTests" */;
			buildPhases = (
				EB45304C274BF995004395CA /* Sources */,
				EB45304D274BF995004395CA /* Frameworks */,
				EB45304E274BF995004395CA /* Resources */,
			);
			buildRules = (
			);
			dependencies = (
				EB453052274BF995004395CA /* PBXTargetDependency */,
			);
			name = CovetTests;
			productName = CovetTests;
			productReference = EB453050274BF995004395CA /* CovetTests.xctest */;
			productType = "com.apple.product-type.bundle.unit-test";
		};
		EB453059274BF995004395CA /* CovetUITests */ = {
			isa = PBXNativeTarget;
			buildConfigurationList = EB45306A274BF995004395CA /* Build configuration list for PBXNativeTarget "CovetUITests" */;
			buildPhases = (
				EB453056274BF995004395CA /* Sources */,
				EB453057274BF995004395CA /* Frameworks */,
				EB453058274BF995004395CA /* Resources */,
			);
			buildRules = (
			);
			dependencies = (
				EB45305C274BF995004395CA /* PBXTargetDependency */,
			);
			name = CovetUITests;
			productName = CovetUITests;
			productReference = EB45305A274BF995004395CA /* CovetUITests.xctest */;
			productType = "com.apple.product-type.bundle.ui-testing";
		};
/* End PBXNativeTarget section */

/* Begin PBXProject section */
		EB453038274BF993004395CA /* Project object */ = {
			isa = PBXProject;
			attributes = {
				BuildIndependentTargetsInParallel = 1;
				LastSwiftUpdateCheck = 1310;
				LastUpgradeCheck = 1310;
				TargetAttributes = {
					EB45303F274BF993004395CA = {
						CreatedOnToolsVersion = 13.1;
					};
					EB45304F274BF995004395CA = {
						CreatedOnToolsVersion = 13.1;
						TestTargetID = EB45303F274BF993004395CA;
					};
					EB453059274BF995004395CA = {
						CreatedOnToolsVersion = 13.1;
						TestTargetID = EB45303F274BF993004395CA;
					};
				};
			};
			buildConfigurationList = EB45303B274BF993004395CA /* Build configuration list for PBXProject "Covet" */;
			compatibilityVersion = "Xcode 13.0";
			developmentRegion = en;
			hasScannedForEncodings = 0;
			knownRegions = (
				en,
				Base,
			);
			mainGroup = EB453037274BF993004395CA;
			packageReferences = (
				EB453079274C2514004395CA /* XCRemoteSwiftPackageReference "amplify-ios" */,
			);
			productRefGroup = EB453041274BF993004395CA /* Products */;
			projectDirPath = "";
			projectRoot = "";
			targets = (
				EB45303F274BF993004395CA /* Covet */,
				EB45304F274BF995004395CA /* CovetTests */,
				EB453059274BF995004395CA /* CovetUITests */,
			);
		};
/* End PBXProject section */

/* Begin PBXResourcesBuildPhase section */
		EB45303E274BF993004395CA /* Resources */ = {
			isa = PBXResourcesBuildPhase;
			buildActionMask = 2147483647;
			files = (
				EB45304B274BF995004395CA /* Preview Assets.xcassets in Resources */,
				EB453048274BF995004395CA /* Assets.xcassets in Resources */,
				A8C4D64FDE8DC37084F5AB4F /* awsconfiguration.json in Resources */,
				BE43ACEA07A979774D21FBC1 /* amplifyconfiguration.json in Resources */,
			);
			runOnlyForDeploymentPostprocessing = 0;
		};
		EB45304E274BF995004395CA /* Resources */ = {
			isa = PBXResourcesBuildPhase;
			buildActionMask = 2147483647;
			files = (
			);
			runOnlyForDeploymentPostprocessing = 0;
		};
		EB453058274BF995004395CA /* Resources */ = {
			isa = PBXResourcesBuildPhase;
			buildActionMask = 2147483647;
			files = (
			);
			runOnlyForDeploymentPostprocessing = 0;
		};
/* End PBXResourcesBuildPhase section */

/* Begin PBXSourcesBuildPhase section */
		EB45303C274BF993004395CA /* Sources */ = {
			isa = PBXSourcesBuildPhase;
			buildActionMask = 2147483647;
			files = (
				EB453070274BF9B1004395CA /* ProfileView.swift in Sources */,
				EB453078274C16C2004395CA /* UserPreview.swift in Sources */,
				EB453046274BF993004395CA /* ContentView.swift in Sources */,
				EB453076274BFEA4004395CA /* CovetItem.swift in Sources */,
				EB45306E274BF9A6004395CA /* FeedView.swift in Sources */,
				EB453044274BF993004395CA /* CovetApp.swift in Sources */,
				EB453074274BF9DF004395CA /* CovetC.swift in Sources */,
				50D3C4035AD74166EA5C23F0 /* AmplifyModels.swift in Sources */,
				098C8A0F3BD2E897D40875C6 /* Covets+Schema.swift in Sources */,
				9C0C0D93A87F177D43B7786F /* Covets.swift in Sources */,
				783299450892712743C10002 /* Product+Schema.swift in Sources */,
				BFF87878144201B96CC1D46E /* Product.swift in Sources */,
				ACFB4475823A7A8BE30EA672 /* ProductType.swift in Sources */,
				D68673C79E858691E36112E4 /* RelationshipStatus.swift in Sources */,
				270D5582118F94676655CBF6 /* RelationshipTier.swift in Sources */,
				4C5AAB9EB3E9107E3F95FE08 /* ReportCovet+Schema.swift in Sources */,
				1A5B89358E74D327D7BA1817 /* ReportCovet.swift in Sources */,
				3D8E87A1E6E1FD6C8855F5AD /* ReportUser+Schema.swift in Sources */,
				2DE4868945659BBF49ED3F87 /* ReportUser.swift in Sources */,
				78CFFE95E8D4AB5862266782 /* User+Schema.swift in Sources */,
				2F43E964B90AC3C097FEEC69 /* User.swift in Sources */,
				7AA74100EAC51AFC1FFFB914 /* UserRelationship+Schema.swift in Sources */,
				A15B49F30A990EAF886633BF /* UserRelationship.swift in Sources */,
			);
			runOnlyForDeploymentPostprocessing = 0;
		};
		EB45304C274BF995004395CA /* Sources */ = {
			isa = PBXSourcesBuildPhase;
			buildActionMask = 2147483647;
			files = (
				EB453055274BF995004395CA /* CovetTests.swift in Sources */,
			);
			runOnlyForDeploymentPostprocessing = 0;
		};
		EB453056274BF995004395CA /* Sources */ = {
			isa = PBXSourcesBuildPhase;
			buildActionMask = 2147483647;
			files = (
				EB453061274BF995004395CA /* CovetUITestsLaunchTests.swift in Sources */,
				EB45305F274BF995004395CA /* CovetUITests.swift in Sources */,
			);
			runOnlyForDeploymentPostprocessing = 0;
		};
/* End PBXSourcesBuildPhase section */

/* Begin PBXTargetDependency section */
		EB453052274BF995004395CA /* PBXTargetDependency */ = {
			isa = PBXTargetDependency;
			target = EB45303F274BF993004395CA /* Covet */;
			targetProxy = EB453051274BF995004395CA /* PBXContainerItemProxy */;
		};
		EB45305C274BF995004395CA /* PBXTargetDependency */ = {
			isa = PBXTargetDependency;
			target = EB45303F274BF993004395CA /* Covet */;
			targetProxy = EB45305B274BF995004395CA /* PBXContainerItemProxy */;
		};
/* End PBXTargetDependency section */

/* Begin XCBuildConfiguration section */
		EB453062274BF995004395CA /* Debug */ = {
			isa = XCBuildConfiguration;
			buildSettings = {
				ALWAYS_SEARCH_USER_PATHS = NO;
				CLANG_ANALYZER_NONNULL = YES;
				CLANG_ANALYZER_NUMBER_OBJECT_CONVERSION = YES_AGGRESSIVE;
				CLANG_CXX_LANGUAGE_STANDARD = "gnu++17";
				CLANG_CXX_LIBRARY = "libc++";
				CLANG_ENABLE_MODULES = YES;
				CLANG_ENABLE_OBJC_ARC = YES;
				CLANG_ENABLE_OBJC_WEAK = YES;
				CLANG_WARN_BLOCK_CAPTURE_AUTORELEASING = YES;
				CLANG_WARN_BOOL_CONVERSION = YES;
				CLANG_WARN_COMMA = YES;
				CLANG_WARN_CONSTANT_CONVERSION = YES;
				CLANG_WARN_DEPRECATED_OBJC_IMPLEMENTATIONS = YES;
				CLANG_WARN_DIRECT_OBJC_ISA_USAGE = YES_ERROR;
				CLANG_WARN_DOCUMENTATION_COMMENTS = YES;
				CLANG_WARN_EMPTY_BODY = YES;
				CLANG_WARN_ENUM_CONVERSION = YES;
				CLANG_WARN_INFINITE_RECURSION = YES;
				CLANG_WARN_INT_CONVERSION = YES;
				CLANG_WARN_NON_LITERAL_NULL_CONVERSION = YES;
				CLANG_WARN_OBJC_IMPLICIT_RETAIN_SELF = YES;
				CLANG_WARN_OBJC_LITERAL_CONVERSION = YES;
				CLANG_WARN_OBJC_ROOT_CLASS = YES_ERROR;
				CLANG_WARN_QUOTED_INCLUDE_IN_FRAMEWORK_HEADER = YES;
				CLANG_WARN_RANGE_LOOP_ANALYSIS = YES;
				CLANG_WARN_STRICT_PROTOTYPES = YES;
				CLANG_WARN_SUSPICIOUS_MOVE = YES;
				CLANG_WARN_UNGUARDED_AVAILABILITY = YES_AGGRESSIVE;
				CLANG_WARN_UNREACHABLE_CODE = YES;
				CLANG_WARN__DUPLICATE_METHOD_MATCH = YES;
				COPY_PHASE_STRIP = NO;
				DEBUG_INFORMATION_FORMAT = dwarf;
				ENABLE_STRICT_OBJC_MSGSEND = YES;
				ENABLE_TESTABILITY = YES;
				GCC_C_LANGUAGE_STANDARD = gnu11;
				GCC_DYNAMIC_NO_PIC = NO;
				GCC_NO_COMMON_BLOCKS = YES;
				GCC_OPTIMIZATION_LEVEL = 0;
				GCC_PREPROCESSOR_DEFINITIONS = (
					"DEBUG=1",
					"$(inherited)",
				);
				GCC_WARN_64_TO_32_BIT_CONVERSION = YES;
				GCC_WARN_ABOUT_RETURN_TYPE = YES_ERROR;
				GCC_WARN_UNDECLARED_SELECTOR = YES;
				GCC_WARN_UNINITIALIZED_AUTOS = YES_AGGRESSIVE;
				GCC_WARN_UNUSED_FUNCTION = YES;
				GCC_WARN_UNUSED_VARIABLE = YES;
				IPHONEOS_DEPLOYMENT_TARGET = 15.0;
				MTL_ENABLE_DEBUG_INFO = INCLUDE_SOURCE;
				MTL_FAST_MATH = YES;
				ONLY_ACTIVE_ARCH = YES;
				SDKROOT = iphoneos;
				SWIFT_ACTIVE_COMPILATION_CONDITIONS = DEBUG;
				SWIFT_OPTIMIZATION_LEVEL = "-Onone";
			};
			name = Debug;
		};
		EB453063274BF995004395CA /* Release */ = {
			isa = XCBuildConfiguration;
			buildSettings = {
				ALWAYS_SEARCH_USER_PATHS = NO;
				CLANG_ANALYZER_NONNULL = YES;
				CLANG_ANALYZER_NUMBER_OBJECT_CONVERSION = YES_AGGRESSIVE;
				CLANG_CXX_LANGUAGE_STANDARD = "gnu++17";
				CLANG_CXX_LIBRARY = "libc++";
				CLANG_ENABLE_MODULES = YES;
				CLANG_ENABLE_OBJC_ARC = YES;
				CLANG_ENABLE_OBJC_WEAK = YES;
				CLANG_WARN_BLOCK_CAPTURE_AUTORELEASING = YES;
				CLANG_WARN_BOOL_CONVERSION = YES;
				CLANG_WARN_COMMA = YES;
				CLANG_WARN_CONSTANT_CONVERSION = YES;
				CLANG_WARN_DEPRECATED_OBJC_IMPLEMENTATIONS = YES;
				CLANG_WARN_DIRECT_OBJC_ISA_USAGE = YES_ERROR;
				CLANG_WARN_DOCUMENTATION_COMMENTS = YES;
				CLANG_WARN_EMPTY_BODY = YES;
				CLANG_WARN_ENUM_CONVERSION = YES;
				CLANG_WARN_INFINITE_RECURSION = YES;
				CLANG_WARN_INT_CONVERSION = YES;
				CLANG_WARN_NON_LITERAL_NULL_CONVERSION = YES;
				CLANG_WARN_OBJC_IMPLICIT_RETAIN_SELF = YES;
				CLANG_WARN_OBJC_LITERAL_CONVERSION = YES;
				CLANG_WARN_OBJC_ROOT_CLASS = YES_ERROR;
				CLANG_WARN_QUOTED_INCLUDE_IN_FRAMEWORK_HEADER = YES;
				CLANG_WARN_RANGE_LOOP_ANALYSIS = YES;
				CLANG_WARN_STRICT_PROTOTYPES = YES;
				CLANG_WARN_SUSPICIOUS_MOVE = YES;
				CLANG_WARN_UNGUARDED_AVAILABILITY = YES_AGGRESSIVE;
				CLANG_WARN_UNREACHABLE_CODE = YES;
				CLANG_WARN__DUPLICATE_METHOD_MATCH = YES;
				COPY_PHASE_STRIP = NO;
				DEBUG_INFORMATION_FORMAT = "dwarf-with-dsym";
				ENABLE_NS_ASSERTIONS = NO;
				ENABLE_STRICT_OBJC_MSGSEND = YES;
				GCC_C_LANGUAGE_STANDARD = gnu11;
				GCC_NO_COMMON_BLOCKS = YES;
				GCC_WARN_64_TO_32_BIT_CONVERSION = YES;
				GCC_WARN_ABOUT_RETURN_TYPE = YES_ERROR;
				GCC_WARN_UNDECLARED_SELECTOR = YES;
				GCC_WARN_UNINITIALIZED_AUTOS = YES_AGGRESSIVE;
				GCC_WARN_UNUSED_FUNCTION = YES;
				GCC_WARN_UNUSED_VARIABLE = YES;
				IPHONEOS_DEPLOYMENT_TARGET = 15.0;
				MTL_ENABLE_DEBUG_INFO = NO;
				MTL_FAST_MATH = YES;
				SDKROOT = iphoneos;
				SWIFT_COMPILATION_MODE = wholemodule;
				SWIFT_OPTIMIZATION_LEVEL = "-O";
				VALIDATE_PRODUCT = YES;
			};
			name = Release;
		};
		EB453065274BF995004395CA /* Debug */ = {
			isa = XCBuildConfiguration;
			buildSettings = {
				ASSETCATALOG_COMPILER_APPICON_NAME = AppIcon;
				ASSETCATALOG_COMPILER_GLOBAL_ACCENT_COLOR_NAME = AccentColor;
				CODE_SIGN_STYLE = Automatic;
				CURRENT_PROJECT_VERSION = 1;
				DEVELOPMENT_ASSET_PATHS = "\"Covet/Preview Content\"";
				DEVELOPMENT_TEAM = 844DBNGC2A;
				ENABLE_PREVIEWS = YES;
				GENERATE_INFOPLIST_FILE = YES;
				INFOPLIST_KEY_UIApplicationSceneManifest_Generation = YES;
				INFOPLIST_KEY_UIApplicationSupportsIndirectInputEvents = YES;
				INFOPLIST_KEY_UILaunchScreen_Generation = YES;
				INFOPLIST_KEY_UISupportedInterfaceOrientations_iPad = "UIInterfaceOrientationPortrait UIInterfaceOrientationPortraitUpsideDown UIInterfaceOrientationLandscapeLeft UIInterfaceOrientationLandscapeRight";
				INFOPLIST_KEY_UISupportedInterfaceOrientations_iPhone = "UIInterfaceOrientationPortrait UIInterfaceOrientationLandscapeLeft UIInterfaceOrientationLandscapeRight";
				LD_RUNPATH_SEARCH_PATHS = (
					"$(inherited)",
					"@executable_path/Frameworks",
				);
				MARKETING_VERSION = 1.0;
				PRODUCT_BUNDLE_IDENTIFIER = com.brendanmanning.Covet;
				PRODUCT_NAME = "$(TARGET_NAME)";
				SWIFT_EMIT_LOC_STRINGS = YES;
				SWIFT_VERSION = 5.0;
				TARGETED_DEVICE_FAMILY = "1,2";
			};
			name = Debug;
		};
		EB453066274BF995004395CA /* Release */ = {
			isa = XCBuildConfiguration;
			buildSettings = {
				ASSETCATALOG_COMPILER_APPICON_NAME = AppIcon;
				ASSETCATALOG_COMPILER_GLOBAL_ACCENT_COLOR_NAME = AccentColor;
				CODE_SIGN_STYLE = Automatic;
				CURRENT_PROJECT_VERSION = 1;
				DEVELOPMENT_ASSET_PATHS = "\"Covet/Preview Content\"";
				DEVELOPMENT_TEAM = 844DBNGC2A;
				ENABLE_PREVIEWS = YES;
				GENERATE_INFOPLIST_FILE = YES;
				INFOPLIST_KEY_UIApplicationSceneManifest_Generation = YES;
				INFOPLIST_KEY_UIApplicationSupportsIndirectInputEvents = YES;
				INFOPLIST_KEY_UILaunchScreen_Generation = YES;
				INFOPLIST_KEY_UISupportedInterfaceOrientations_iPad = "UIInterfaceOrientationPortrait UIInterfaceOrientationPortraitUpsideDown UIInterfaceOrientationLandscapeLeft UIInterfaceOrientationLandscapeRight";
				INFOPLIST_KEY_UISupportedInterfaceOrientations_iPhone = "UIInterfaceOrientationPortrait UIInterfaceOrientationLandscapeLeft UIInterfaceOrientationLandscapeRight";
				LD_RUNPATH_SEARCH_PATHS = (
					"$(inherited)",
					"@executable_path/Frameworks",
				);
				MARKETING_VERSION = 1.0;
				PRODUCT_BUNDLE_IDENTIFIER = com.brendanmanning.Covet;
				PRODUCT_NAME = "$(TARGET_NAME)";
				SWIFT_EMIT_LOC_STRINGS = YES;
				SWIFT_VERSION = 5.0;
				TARGETED_DEVICE_FAMILY = "1,2";
			};
			name = Release;
		};
		EB453068274BF995004395CA /* Debug */ = {
			isa = XCBuildConfiguration;
			buildSettings = {
				ALWAYS_EMBED_SWIFT_STANDARD_LIBRARIES = YES;
				BUNDLE_LOADER = "$(TEST_HOST)";
				CODE_SIGN_STYLE = Automatic;
				CURRENT_PROJECT_VERSION = 1;
				DEVELOPMENT_TEAM = 844DBNGC2A;
				GENERATE_INFOPLIST_FILE = YES;
				IPHONEOS_DEPLOYMENT_TARGET = 15.0;
				LD_RUNPATH_SEARCH_PATHS = (
					"$(inherited)",
					"@executable_path/Frameworks",
					"@loader_path/Frameworks",
				);
				MARKETING_VERSION = 1.0;
				PRODUCT_BUNDLE_IDENTIFIER = com.brendanmanning.CovetTests;
				PRODUCT_NAME = "$(TARGET_NAME)";
				SWIFT_EMIT_LOC_STRINGS = NO;
				SWIFT_VERSION = 5.0;
				TARGETED_DEVICE_FAMILY = "1,2";
				TEST_HOST = "$(BUILT_PRODUCTS_DIR)/Covet.app/Covet";
			};
			name = Debug;
		};
		EB453069274BF995004395CA /* Release */ = {
			isa = XCBuildConfiguration;
			buildSettings = {
				ALWAYS_EMBED_SWIFT_STANDARD_LIBRARIES = YES;
				BUNDLE_LOADER = "$(TEST_HOST)";
				CODE_SIGN_STYLE = Automatic;
				CURRENT_PROJECT_VERSION = 1;
				DEVELOPMENT_TEAM = 844DBNGC2A;
				GENERATE_INFOPLIST_FILE = YES;
				IPHONEOS_DEPLOYMENT_TARGET = 15.0;
				LD_RUNPATH_SEARCH_PATHS = (
					"$(inherited)",
					"@executable_path/Frameworks",
					"@loader_path/Frameworks",
				);
				MARKETING_VERSION = 1.0;
				PRODUCT_BUNDLE_IDENTIFIER = com.brendanmanning.CovetTests;
				PRODUCT_NAME = "$(TARGET_NAME)";
				SWIFT_EMIT_LOC_STRINGS = NO;
				SWIFT_VERSION = 5.0;
				TARGETED_DEVICE_FAMILY = "1,2";
				TEST_HOST = "$(BUILT_PRODUCTS_DIR)/Covet.app/Covet";
			};
			name = Release;
		};
		EB45306B274BF995004395CA /* Debug */ = {
			isa = XCBuildConfiguration;
			buildSettings = {
				ALWAYS_EMBED_SWIFT_STANDARD_LIBRARIES = YES;
				CODE_SIGN_STYLE = Automatic;
				CURRENT_PROJECT_VERSION = 1;
				DEVELOPMENT_TEAM = 844DBNGC2A;
				GENERATE_INFOPLIST_FILE = YES;
				LD_RUNPATH_SEARCH_PATHS = (
					"$(inherited)",
					"@executable_path/Frameworks",
					"@loader_path/Frameworks",
				);
				MARKETING_VERSION = 1.0;
				PRODUCT_BUNDLE_IDENTIFIER = com.brendanmanning.CovetUITests;
				PRODUCT_NAME = "$(TARGET_NAME)";
				SWIFT_EMIT_LOC_STRINGS = NO;
				SWIFT_VERSION = 5.0;
				TARGETED_DEVICE_FAMILY = "1,2";
				TEST_TARGET_NAME = Covet;
			};
			name = Debug;
		};
		EB45306C274BF995004395CA /* Release */ = {
			isa = XCBuildConfiguration;
			buildSettings = {
				ALWAYS_EMBED_SWIFT_STANDARD_LIBRARIES = YES;
				CODE_SIGN_STYLE = Automatic;
				CURRENT_PROJECT_VERSION = 1;
				DEVELOPMENT_TEAM = 844DBNGC2A;
				GENERATE_INFOPLIST_FILE = YES;
				LD_RUNPATH_SEARCH_PATHS = (
					"$(inherited)",
					"@executable_path/Frameworks",
					"@loader_path/Frameworks",
				);
				MARKETING_VERSION = 1.0;
				PRODUCT_BUNDLE_IDENTIFIER = com.brendanmanning.CovetUITests;
				PRODUCT_NAME = "$(TARGET_NAME)";
				SWIFT_EMIT_LOC_STRINGS = NO;
				SWIFT_VERSION = 5.0;
				TARGETED_DEVICE_FAMILY = "1,2";
				TEST_TARGET_NAME = Covet;
			};
			name = Release;
		};
/* End XCBuildConfiguration section */

/* Begin XCConfigurationList section */
		EB45303B274BF993004395CA /* Build configuration list for PBXProject "Covet" */ = {
			isa = XCConfigurationList;
			buildConfigurations = (
				EB453062274BF995004395CA /* Debug */,
				EB453063274BF995004395CA /* Release */,
			);
			defaultConfigurationIsVisible = 0;
			defaultConfigurationName = Release;
		};
		EB453064274BF995004395CA /* Build configuration list for PBXNativeTarget "Covet" */ = {
			isa = XCConfigurationList;
			buildConfigurations = (
				EB453065274BF995004395CA /* Debug */,
				EB453066274BF995004395CA /* Release */,
			);
			defaultConfigurationIsVisible = 0;
			defaultConfigurationName = Release;
		};
		EB453067274BF995004395CA /* Build configuration list for PBXNativeTarget "CovetTests" */ = {
			isa = XCConfigurationList;
			buildConfigurations = (
				EB453068274BF995004395CA /* Debug */,
				EB453069274BF995004395CA /* Release */,
			);
			defaultConfigurationIsVisible = 0;
			defaultConfigurationName = Release;
		};
		EB45306A274BF995004395CA /* Build configuration list for PBXNativeTarget "CovetUITests" */ = {
			isa = XCConfigurationList;
			buildConfigurations = (
				EB45306B274BF995004395CA /* Debug */,
				EB45306C274BF995004395CA /* Release */,
			);
			defaultConfigurationIsVisible = 0;
			defaultConfigurationName = Release;
		};
/* End XCConfigurationList section */

/* Begin XCRemoteSwiftPackageReference section */
		EB453079274C2514004395CA /* XCRemoteSwiftPackageReference "amplify-ios" */ = {
			isa = XCRemoteSwiftPackageReference;
			repositoryURL = "https://github.com/aws-amplify/amplify-ios";
			requirement = {
				kind = upToNextMajorVersion;
				minimumVersion = 1.0.0;
			};
		};
/* End XCRemoteSwiftPackageReference section */

/* Begin XCSwiftPackageProductDependency section */
		EB45307A274C2514004395CA /* AWSAPIPlugin */ = {
			isa = XCSwiftPackageProductDependency;
			package = EB453079274C2514004395CA /* XCRemoteSwiftPackageReference "amplify-ios" */;
			productName = AWSAPIPlugin;
		};
		EB45307C274C2514004395CA /* AWSCognitoAuthPlugin */ = {
			isa = XCSwiftPackageProductDependency;
			package = EB453079274C2514004395CA /* XCRemoteSwiftPackageReference "amplify-ios" */;
			productName = AWSCognitoAuthPlugin;
		};
		EB45307E274C2514004395CA /* AWSDataStorePlugin */ = {
			isa = XCSwiftPackageProductDependency;
			package = EB453079274C2514004395CA /* XCRemoteSwiftPackageReference "amplify-ios" */;
			productName = AWSDataStorePlugin;
		};
		EB453080274C2514004395CA /* AWSS3StoragePlugin */ = {
			isa = XCSwiftPackageProductDependency;
			package = EB453079274C2514004395CA /* XCRemoteSwiftPackageReference "amplify-ios" */;
			productName = AWSS3StoragePlugin;
		};
		EB453082274C2514004395CA /* Amplify */ = {
			isa = XCSwiftPackageProductDependency;
			package = EB453079274C2514004395CA /* XCRemoteSwiftPackageReference "amplify-ios" */;
			productName = Amplify;
		};
/* End XCSwiftPackageProductDependency section */
	};
	rootObject = EB453038274BF993004395CA /* Project object */;
}
